
Microsoft Visual Studio Solution File, Format Version 12.00
Project("{FAE04EC0-301F-11D3-BF4B-00C04F79EFBC}") = "RabbitmqDotnetSample.Api", "src\RabbitmqDotnetSample.Api\RabbitmqDotnetSample.Api.csproj", "{270955DF-25E5-4B3A-9355-9E71F51E4CB3}"
EndProject
Project("{2150E333-8FDC-42A3-9474-1A3956D46DE8}") = "src", "src", "{3CD09B12-8996-4AE8-BB52-82D40182F5AE}"
EndProject
Global
	GlobalSection(SolutionConfigurationPlatforms) = preSolution
		Debug|Any CPU = Debug|Any CPU
		Release|Any CPU = Release|Any CPU
	EndGlobalSection
	GlobalSection(ProjectConfigurationPlatforms) = postSolution
		{270955DF-25E5-4B3A-9355-9E71F51E4CB3}.Debug|Any CPU.ActiveCfg = Debug|Any CPU
		{270955DF-25E5-4B3A-9355-9E71F51E4CB3}.Debug|Any CPU.Build.0 = Debug|Any CPU
		{270955DF-25E5-4B3A-9355-9E71F51E4CB3}.Release|Any CPU.ActiveCfg = Release|Any CPU
		{270955DF-25E5-4B3A-9355-9E71F51E4CB3}.Release|Any CPU.Build.0 = Release|Any CPU
	EndGlobalSection
	GlobalSection(NestedProjects) = preSolution
		{270955DF-25E5-4B3A-9355-9E71F51E4CB3} = {3CD09B12-8996-4AE8-BB52-82D40182F5AE}
	EndGlobalSection
EndGlobalr
